
Microsoft Visual Studio Solution File, Format Version 12.00
# Visual Studio 15
VisualStudioVersion = 15.0.26730.10
MinimumVisualStudioVersion = 10.0.40219.1
Project("{FAE04EC0-301F-11D3-BF4B-00C04F79EFBC}") = "Pyramid", "Pyramid\Pyramid.csproj", "{1D0C04C1-CD04-4D4B-A83D-5A2E83C7E2D1}"
EndProject
Global
	GlobalSection(SolutionConfigurationPlatforms) = preSolution
		Debug|Any CPU = Debug|Any CPU
		Release|Any CPU = Release|Any CPU
	EndGlobalSection
	GlobalSection(ProjectConfigurationPlatforms) = postSolution
		{1D0C04C1-CD04-4D4B-A83D-5A2E83C7E2D1}.Debug|Any CPU.ActiveCfg = Debug|Any CPU
		{1D0C04C1-CD04-4D4B-A83D-5A2E83C7E2D1}.Debug|Any CPU.Build.0 = Debug|Any CPU
		{1D0C04C1-CD04-4D4B-A83D-5A2E83C7E2D1}.Release|Any CPU.ActiveCfg = Release|Any CPU
		{1D0C04C1-CD04-4D4B-A83D-5A2E83C7E2D1}.Release|Any CPU.Build.0 = Release|Any CPU
	EndGlobalSection
	GlobalSection(SolutionProperties) = preSolution
		HideSolutionNode = FALSE
	EndGlobalSection
	GlobalSection(ExtensibilityGlobals) = postSolution
		SolutionGuid = {6FD896B3-E622-4ED3-A6B5-C20EC035AD0D}
	EndGlobalSection
EndGlobal
